// !$*UTF8*$!
{
	archiveVersion = 1;
	classes = {
	};
	objectVersion = 50;
	objects = {

/* Begin PBXBuildFile section */
		3C3FC1FF26A74150001C1A34 /* AddToDoViewController.swift in Sources */ = {isa = PBXBuildFile; fileRef = 3C3FC1FE26A74150001C1A34 /* AddToDoViewController.swift */; };
		3CABCF3926A6037F00D43C4C /* AppDelegate.swift in Sources */ = {isa = PBXBuildFile; fileRef = 3CABCF3826A6037F00D43C4C /* AppDelegate.swift */; };
		3CABCF3B26A6037F00D43C4C /* SceneDelegate.swift in Sources */ = {isa = PBXBuildFile; fileRef = 3CABCF3A26A6037F00D43C4C /* SceneDelegate.swift */; };
		3CABCF3D26A6037F00D43C4C /* ViewController.swift in Sources */ = {isa = PBXBuildFile; fileRef = 3CABCF3C26A6037F00D43C4C /* ViewController.swift */; };
		3CABCF4026A6037F00D43C4C /* Main.storyboard in Resources */ = {isa = PBXBuildFile; fileRef = 3CABCF3E26A6037F00D43C4C /* Main.storyboard */; };
		3CABCF4326A6037F00D43C4C /* ToDoListApp.xcdatamodeld in Sources */ = {isa = PBXBuildFile; fileRef = 3CABCF4126A6037F00D43C4C /* ToDoListApp.xcdatamodeld */; };
		3CABCF4526A6038200D43C4C /* Assets.xcassets in Resources */ = {isa = PBXBuildFile; fileRef = 3CABCF4426A6038200D43C4C /* Assets.xcassets */; };
		3CABCF4826A6038200D43C4C /* LaunchScreen.storyboard in Resources */ = {isa = PBXBuildFile; fileRef = 3CABCF4626A6038200D43C4C /* LaunchScreen.storyboard */; };
		3CABCF5326A6038300D43C4C /* ToDoListAppTests.swift in Sources */ = {isa = PBXBuildFile; fileRef = 3CABCF5226A6038300D43C4C /* ToDoListAppTests.swift */; };
		3CABCF5E26A6038300D43C4C /* ToDoListAppUITests.swift in Sources */ = {isa = PBXBuildFile; fileRef = 3CABCF5D26A6038300D43C4C /* ToDoListAppUITests.swift */; };
		3CABCF6C26A6058C00D43C4C /* ToDoTableViewController.swift in Sources */ = {isa = PBXBuildFile; fileRef = 3CABCF6B26A6058C00D43C4C /* ToDoTableViewController.swift */; };
		3CABCF6E26A6202F00D43C4C /* ToDo.swift in Sources */ = {isa = PBXBuildFile; fileRef = 3CABCF6D26A6202F00D43C4C /* ToDo.swift */; };
/* End PBXBuildFile section */

/* Begin PBXContainerItemProxy section */
		3CABCF4F26A6038300D43C4C /* PBXContainerItemProxy */ = {
			isa = PBXContainerItemProxy;
			containerPortal = 3CABCF2D26A6037F00D43C4C /* Project object */;
			proxyType = 1;
			remoteGlobalIDString = 3CABCF3426A6037F00D43C4C;
			remoteInfo = ToDoListApp;
		};
		3CABCF5A26A6038300D43C4C /* PBXContainerItemProxy */ = {
			isa = PBXContainerItemProxy;
			containerPortal = 3CABCF2D26A6037F00D43C4C /* Project object */;
			proxyType = 1;
			remoteGlobalIDString = 3CABCF3426A6037F00D43C4C;
			remoteInfo = ToDoListApp;
		};
/* End PBXContainerItemProxy section */

/* Begin PBXFileReference section */
		3C3FC1FE26A74150001C1A34 /* AddToDoViewController.swift */ = {isa = PBXFileReference; lastKnownFileType = sourcecode.swift; path = AddToDoViewController.swift; sourceTree = "<group>"; };
		3CABCF3526A6037F00D43C4C /* ToDoListApp.app */ = {isa = PBXFileReference; explicitFileType = wrapper.application; includeInIndex = 0; path = ToDoListApp.app; sourceTree = BUILT_PRODUCTS_DIR; };
		3CABCF3826A6037F00D43C4C /* AppDelegate.swift */ = {isa = PBXFileReference; lastKnownFileType = sourcecode.swift; path = AppDelegate.swift; sourceTree = "<group>"; };
		3CABCF3A26A6037F00D43C4C /* SceneDelegate.swift */ = {isa = PBXFileReference; lastKnownFileType = sourcecode.swift; path = SceneDelegate.swift; sourceTree = "<group>"; };
		3CABCF3C26A6037F00D43C4C /* ViewController.swift */ = {isa = PBXFileReference; lastKnownFileType = sourcecode.swift; path = ViewController.swift; sourceTree = "<group>"; };
		3CABCF3F26A6037F00D43C4C /* Base */ = {isa = PBXFileReference; lastKnownFileType = file.storyboard; name = Base; path = Base.lproj/Main.storyboard; sourceTree = "<group>"; };
		3CABCF4226A6037F00D43C4C /* ToDoListApp.xcdatamodel */ = {isa = PBXFileReference; lastKnownFileType = wrapper.xcdatamodel; path = ToDoListApp.xcdatamodel; sourceTree = "<group>"; };
		3CABCF4426A6038200D43C4C /* Assets.xcassets */ = {isa = PBXFileReference; lastKnownFileType = folder.assetcatalog; path = Assets.xcassets; sourceTree = "<group>"; };
		3CABCF4726A6038200D43C4C /* Base */ = {isa = PBXFileReference; lastKnownFileType = file.storyboard; name = Base; path = Base.lproj/LaunchScreen.storyboard; sourceTree = "<group>"; };
		3CABCF4926A6038200D43C4C /* Info.plist */ = {isa = PBXFileReference; lastKnownFileType = text.plist.xml; path = Info.plist; sourceTree = "<group>"; };
		3CABCF4E26A6038300D43C4C /* ToDoListAppTests.xctest */ = {isa = PBXFileReference; explicitFileType = wrapper.cfbundle; includeInIndex = 0; path = ToDoListAppTests.xctest; sourceTree = BUILT_PRODUCTS_DIR; };
		3CABCF5226A6038300D43C4C /* ToDoListAppTests.swift */ = {isa = PBXFileReference; lastKnownFileType = sourcecode.swift; path = ToDoListAppTests.swift; sourceTree = "<group>"; };
		3CABCF5426A6038300D43C4C /* Info.plist */ = {isa = PBXFileReference; lastKnownFileType = text.plist.xml; path = Info.plist; sourceTree = "<group>"; };
		3CABCF5926A6038300D43C4C /* ToDoListAppUITests.xctest */ = {isa = PBXFileReference; explicitFileType = wrapper.cfbundle; includeInIndex = 0; path = ToDoListAppUITests.xctest; sourceTree = BUILT_PRODUCTS_DIR; };
		3CABCF5D26A6038300D43C4C /* ToDoListAppUITests.swift */ = {isa = PBXFileReference; lastKnownFileType = sourcecode.swift; path = ToDoListAppUITests.swift; sourceTree = "<group>"; };
		3CABCF5F26A6038300D43C4C /* Info.plist */ = {isa = PBXFileReference; lastKnownFileType = text.plist.xml; path = Info.plist; sourceTree = "<group>"; };
		3CABCF6B26A6058C00D43C4C /* ToDoTableViewController.swift */ = {isa = PBXFileReference; lastKnownFileType = sourcecode.swift; path = ToDoTableViewController.swift; sourceTree = "<group>"; };
		3CABCF6D26A6202F00D43C4C /* ToDo.swift */ = {isa = PBXFileReference; lastKnownFileType = sourcecode.swift; path = ToDo.swift; sourceTree = "<group>"; };
/* End PBXFileReference section */

/* Begin PBXFrameworksBuildPhase section */
		3CABCF3226A6037F00D43C4C /* Frameworks */ = {
			isa = PBXFrameworksBuildPhase;
			buildActionMask = 2147483647;
			files = (
			);
			runOnlyForDeploymentPostprocessing = 0;
		};
		3CABCF4B26A6038300D43C4C /* Frameworks */ = {
			isa = PBXFrameworksBuildPhase;
			buildActionMask = 2147483647;
			files = (
			);
			runOnlyForDeploymentPostprocessing = 0;
		};
		3CABCF5626A6038300D43C4C /* Frameworks */ = {
			isa = PBXFrameworksBuildPhase;
			buildActionMask = 2147483647;
			files = (
			);
			runOnlyForDeploymentPostprocessing = 0;
		};
/* End PBXFrameworksBuildPhase section */

/* Begin PBXGroup section */
		3CABCF2C26A6037F00D43C4C = {
			isa = PBXGroup;
			children = (
				3CABCF3726A6037F00D43C4C /* ToDoListApp */,
				3CABCF5126A6038300D43C4C /* ToDoListAppTests */,
				3CABCF5C26A6038300D43C4C /* ToDoListAppUITests */,
				3CABCF3626A6037F00D43C4C /* Products */,
			);
			sourceTree = "<group>";
		};
		3CABCF3626A6037F00D43C4C /* Products */ = {
			isa = PBXGroup;
			children = (
				3CABCF3526A6037F00D43C4C /* ToDoListApp.app */,
				3CABCF4E26A6038300D43C4C /* ToDoListAppTests.xctest */,
				3CABCF5926A6038300D43C4C /* ToDoListAppUITests.xctest */,
			);
			name = Products;
			sourceTree = "<group>";
		};
		3CABCF3726A6037F00D43C4C /* ToDoListApp */ = {
			isa = PBXGroup;
			children = (
				3CABCF3826A6037F00D43C4C /* AppDelegate.swift */,
				3CABCF3A26A6037F00D43C4C /* SceneDelegate.swift */,
				3CABCF3C26A6037F00D43C4C /* ViewController.swift */,
				3CABCF3E26A6037F00D43C4C /* Main.storyboard */,
				3CABCF4426A6038200D43C4C /* Assets.xcassets */,
				3CABCF4626A6038200D43C4C /* LaunchScreen.storyboard */,
				3CABCF4926A6038200D43C4C /* Info.plist */,
				3CABCF4126A6037F00D43C4C /* ToDoListApp.xcdatamodeld */,
				3CABCF6B26A6058C00D43C4C /* ToDoTableViewController.swift */,
				3CABCF6D26A6202F00D43C4C /* ToDo.swift */,
				3C3FC1FE26A74150001C1A34 /* AddToDoViewController.swift */,
			);
			path = ToDoListApp;
			sourceTree = "<group>";
		};
		3CABCF5126A6038300D43C4C /* ToDoListAppTests */ = {
			isa = PBXGroup;
			children = (
				3CABCF5226A6038300D43C4C /* ToDoListAppTests.swift */,
				3CABCF5426A6038300D43C4C /* Info.plist */,
			);
			path = ToDoListAppTests;
			sourceTree = "<group>";
		};
		3CABCF5C26A6038300D43C4C /* ToDoListAppUITests */ = {
			isa = PBXGroup;
			children = (
				3CABCF5D26A6038300D43C4C /* ToDoListAppUITests.swift */,
				3CABCF5F26A6038300D43C4C /* Info.plist */,
			);
			path = ToDoListAppUITests;
			sourceTree = "<group>";
		};
/* End PBXGroup section */

/* Begin PBXNativeTarget section */
		3CABCF3426A6037F00D43C4C /* ToDoListApp */ = {
			isa = PBXNativeTarget;
			buildConfigurationList = 3CABCF6226A6038300D43C4C /* Build configuration list for PBXNativeTarget "ToDoListApp" */;
			buildPhases = (
				3CABCF3126A6037F00D43C4C /* Sources */,
				3CABCF3226A6037F00D43C4C /* Frameworks */,
				3CABCF3326A6037F00D43C4C /* Resources */,
			);
			buildRules = (
			);
			dependencies = (
			);
			name = ToDoListApp;
			productName = ToDoListApp;
			productReference = 3CABCF3526A6037F00D43C4C /* ToDoListApp.app */;
			productType = "com.apple.product-type.application";
		};
		3CABCF4D26A6038300D43C4C /* ToDoListAppTests */ = {
			isa = PBXNativeTarget;
			buildConfigurationList = 3CABCF6526A6038300D43C4C /* Build configuration list for PBXNativeTarget "ToDoListAppTests" */;
			buildPhases = (
				3CABCF4A26A6038300D43C4C /* Sources */,
				3CABCF4B26A6038300D43C4C /* Frameworks */,
				3CABCF4C26A6038300D43C4C /* Resources */,
			);
			buildRules = (
			);
			dependencies = (
				3CABCF5026A6038300D43C4C /* PBXTargetDependency */,
			);
			name = ToDoListAppTests;
			productName = ToDoListAppTests;
			productReference = 3CABCF4E26A6038300D43C4C /* ToDoListAppTests.xctest */;
			productType = "com.apple.product-type.bundle.unit-test";
		};
		3CABCF5826A6038300D43C4C /* ToDoListAppUITests */ = {
			isa = PBXNativeTarget;
			buildConfigurationList = 3CABCF6826A6038300D43C4C /* Build configuration list for PBXNativeTarget "ToDoListAppUITests" */;
			buildPhases = (
				3CABCF5526A6038300D43C4C /* Sources */,
				3CABCF5626A6038300D43C4C /* Frameworks */,
				3CABCF5726A6038300D43C4C /* Resources */,
			);
			buildRules = (
			);
			dependencies = (
				3CABCF5B26A6038300D43C4C /* PBXTargetDependency */,
			);
			name = ToDoListAppUITests;
			productName = ToDoListAppUITests;
			productReference = 3CABCF5926A6038300D43C4C /* ToDoListAppUITests.xctest */;
			productType = "com.apple.product-type.bundle.ui-testing";
		};
/* End PBXNativeTarget section */

/* Begin PBXProject section */
		3CABCF2D26A6037F00D43C4C /* Project object */ = {
			isa = PBXProject;
			attributes = {
				LastSwiftUpdateCheck = 1250;
				LastUpgradeCheck = 1250;
				TargetAttributes = {
					3CABCF3426A6037F00D43C4C = {
						CreatedOnToolsVersion = 12.5.1;
					};
					3CABCF4D26A6038300D43C4C = {
						CreatedOnToolsVersion = 12.5.1;
						TestTargetID = 3CABCF3426A6037F00D43C4C;
					};
					3CABCF5826A6038300D43C4C = {
						CreatedOnToolsVersion = 12.5.1;
						TestTargetID = 3CABCF3426A6037F00D43C4C;
					};
				};
			};
			buildConfigurationList = 3CABCF3026A6037F00D43C4C /* Build configuration list for PBXProject "ToDoListApp" */;
			compatibilityVersion = "Xcode 9.3";
			developmentRegion = en;
			hasScannedForEncodings = 0;
			knownRegions = (
				en,
				Base,
			);
			mainGroup = 3CABCF2C26A6037F00D43C4C;
			productRefGroup = 3CABCF3626A6037F00D43C4C /* Products */;
			projectDirPath = "";
			projectRoot = "";
			targets = (
				3CABCF3426A6037F00D43C4C /* ToDoListApp */,
				3CABCF4D26A6038300D43C4C /* ToDoListAppTests */,
				3CABCF5826A6038300D43C4C /* ToDoListAppUITests */,
			);
		};
/* End PBXProject section */

/* Begin PBXResourcesBuildPhase section */
		3CABCF3326A6037F00D43C4C /* Resources */ = {
			isa = PBXResourcesBuildPhase;
			buildActionMask = 2147483647;
			files = (
				3CABCF4826A6038200D43C4C /* LaunchScreen.storyboard in Resources */,
				3CABCF4526A6038200D43C4C /* Assets.xcassets in Resources */,
				3CABCF4026A6037F00D43C4C /* Main.storyboard in Resources */,
			);
			runOnlyForDeploymentPostprocessing = 0;
		};
		3CABCF4C26A6038300D43C4C /* Resources */ = {
			isa = PBXResourcesBuildPhase;
			buildActionMask = 2147483647;
			files = (
			);
			runOnlyForDeploymentPostprocessing = 0;
		};
		3CABCF5726A6038300D43C4C /* Resources */ = {
			isa = PBXResourcesBuildPhase;
			buildActionMask = 2147483647;
			files = (
			);
			runOnlyForDeploymentPostprocessing = 0;
		};
/* End PBXResourcesBuildPhase section */

/* Begin PBXSourcesBuildPhase section */
		3CABCF3126A6037F00D43C4C /* Sources */ = {
			isa = PBXSourcesBuildPhase;
			buildActionMask = 2147483647;
			files = (
				3CABCF3D26A6037F00D43C4C /* ViewController.swift in Sources */,
				3CABCF3926A6037F00D43C4C /* AppDelegate.swift in Sources */,
				3CABCF3B26A6037F00D43C4C /* SceneDelegate.swift in Sources */,
				3CABCF6E26A6202F00D43C4C /* ToDo.swift in Sources */,
				3C3FC1FF26A74150001C1A34 /* AddToDoViewController.swift in Sources */,
				3CABCF4326A6037F00D43C4C /* ToDoListApp.xcdatamodeld in Sources */,
				3CABCF6C26A6058C00D43C4C /* ToDoTableViewController.swift in Sources */,
			);
			runOnlyForDeploymentPostprocessing = 0;
		};
		3CABCF4A26A6038300D43C4C /* Sources */ = {
			isa = PBXSourcesBuildPhase;
			buildActionMask = 2147483647;
			files = (
				3CABCF5326A6038300D43C4C /* ToDoListAppTests.swift in Sources */,
			);
			runOnlyForDeploymentPostprocessing = 0;
		};
		3CABCF5526A6038300D43C4C /* Sources */ = {
			isa = PBXSourcesBuildPhase;
			buildActionMask = 2147483647;
			files = (
				3CABCF5E26A6038300D43C4C /* ToDoListAppUITests.swift in Sources */,
			);
			runOnlyForDeploymentPostprocessing = 0;
		};
/* End PBXSourcesBuildPhase section */

/* Begin PBXTargetDependency section */
		3CABCF5026A6038300D43C4C /* PBXTargetDependency */ = {
			isa = PBXTargetDependency;
			target = 3CABCF3426A6037F00D43C4C /* ToDoListApp */;
			targetProxy = 3CABCF4F26A6038300D43C4C /* PBXContainerItemProxy */;
		};
		3CABCF5B26A6038300D43C4C /* PBXTargetDependency */ = {
			isa = PBXTargetDependency;
			target = 3CABCF3426A6037F00D43C4C /* ToDoListApp */;
			targetProxy = 3CABCF5A26A6038300D43C4C /* PBXContainerItemProxy */;
		};
/* End PBXTargetDependency section */

/* Begin PBXVariantGroup section */
		3CABCF3E26A6037F00D43C4C /* Main.storyboard */ = {
			isa = PBXVariantGroup;
			children = (
				3CABCF3F26A6037F00D43C4C /* Base */,
			);
			name = Main.storyboard;
			sourceTree = "<group>";
		};
		3CABCF4626A6038200D43C4C /* LaunchScreen.storyboard */ = {
			isa = PBXVariantGroup;
			children = (
				3CABCF4726A6038200D43C4C /* Base */,
			);
			name = LaunchScreen.storyboard;
			sourceTree = "<group>";
		};
/* End PBXVariantGroup section */

/* Begin XCBuildConfiguration section */
		3CABCF6026A6038300D43C4C /* Debug */ = {
			isa = XCBuildConfiguration;
			buildSettings = {
				ALWAYS_SEARCH_USER_PATHS = NO;
				CLANG_ANALYZER_NONNULL = YES;
				CLANG_ANALYZER_NUMBER_OBJECT_CONVERSION = YES_AGGRESSIVE;
				CLANG_CXX_LANGUAGE_STANDARD = "gnu++14";
				CLANG_CXX_LIBRARY = "libc++";
				CLANG_ENABLE_MODULES = YES;
				CLANG_ENABLE_OBJC_ARC = YES;
				CLANG_ENABLE_OBJC_WEAK = YES;
				CLANG_WARN_BLOCK_CAPTURE_AUTORELEASING = YES;
				CLANG_WARN_BOOL_CONVERSION = YES;
				CLANG_WARN_COMMA = YES;
				CLANG_WARN_CONSTANT_CONVERSION = YES;
				CLANG_WARN_DEPRECATED_OBJC_IMPLEMENTATIONS = YES;
				CLANG_WARN_DIRECT_OBJC_ISA_USAGE = YES_ERROR;
				CLANG_WARN_DOCUMENTATION_COMMENTS = YES;
				CLANG_WARN_EMPTY_BODY = YES;
				CLANG_WARN_ENUM_CONVERSION = YES;
				CLANG_WARN_INFINITE_RECURSION = YES;
				CLANG_WARN_INT_CONVERSION = YES;
				CLANG_WARN_NON_LITERAL_NULL_CONVERSION = YES;
				CLANG_WARN_OBJC_IMPLICIT_RETAIN_SELF = YES;
				CLANG_WARN_OBJC_LITERAL_CONVERSION = YES;
				CLANG_WARN_OBJC_ROOT_CLASS = YES_ERROR;
				CLANG_WARN_QUOTED_INCLUDE_IN_FRAMEWORK_HEADER = YES;
				CLANG_WARN_RANGE_LOOP_ANALYSIS = YES;
				CLANG_WARN_STRICT_PROTOTYPES = YES;
				CLANG_WARN_SUSPICIOUS_MOVE = YES;
				CLANG_WARN_UNGUARDED_AVAILABILITY = YES_AGGRESSIVE;
				CLANG_WARN_UNREACHABLE_CODE = YES;
				CLANG_WARN__DUPLICATE_METHOD_MATCH = YES;
				COPY_PHASE_STRIP = NO;
				DEBUG_INFORMATION_FORMAT = dwarf;
				ENABLE_STRICT_OBJC_MSGSEND = YES;
				ENABLE_TESTABILITY = YES;
				GCC_C_LANGUAGE_STANDARD = gnu11;
				GCC_DYNAMIC_NO_PIC = NO;
				GCC_NO_COMMON_BLOCKS = YES;
				GCC_OPTIMIZATION_LEVEL = 0;
				GCC_PREPROCESSOR_DEFINITIONS = (
					"DEBUG=1",
					"$(inherited)",
				);
				GCC_WARN_64_TO_32_BIT_CONVERSION = YES;
				GCC_WARN_ABOUT_RETURN_TYPE = YES_ERROR;
				GCC_WARN_UNDECLARED_SELECTOR = YES;
				GCC_WARN_UNINITIALIZED_AUTOS = YES_AGGRESSIVE;
				GCC_WARN_UNUSED_FUNCTION = YES;
				GCC_WARN_UNUSED_VARIABLE = YES;
				IPHONEOS_DEPLOYMENT_TARGET = 14.5;
				MTL_ENABLE_DEBUG_INFO = INCLUDE_SOURCE;
				MTL_FAST_MATH = YES;
				ONLY_ACTIVE_ARCH = YES;
				SDKROOT = iphoneos;
				SWIFT_ACTIVE_COMPILATION_CONDITIONS = DEBUG;
				SWIFT_OPTIMIZATION_LEVEL = "-Onone";
			};
			name = Debug;
		};
		3CABCF6126A6038300D43C4C /* Release */ = {
			isa = XCBuildConfiguration;
			buildSettings = {
				ALWAYS_SEARCH_USER_PATHS = NO;
				CLANG_ANALYZER_NONNULL = YES;
				CLANG_ANALYZER_NUMBER_OBJECT_CONVERSION = YES_AGGRESSIVE;
				CLANG_CXX_LANGUAGE_STANDARD = "gnu++14";
				CLANG_CXX_LIBRARY = "libc++";
				CLANG_ENABLE_MODULES = YES;
				CLANG_ENABLE_OBJC_ARC = YES;
				CLANG_ENABLE_OBJC_WEAK = YES;
				CLANG_WARN_BLOCK_CAPTURE_AUTORELEASING = YES;
				CLANG_WARN_BOOL_CONVERSION = YES;
				CLANG_WARN_COMMA = YES;
				CLANG_WARN_CONSTANT_CONVERSION = YES;
				CLANG_WARN_DEPRECATED_OBJC_IMPLEMENTATIONS = YES;
				CLANG_WARN_DIRECT_OBJC_ISA_USAGE = YES_ERROR;
				CLANG_WARN_DOCUMENTATION_COMMENTS = YES;
				CLANG_WARN_EMPTY_BODY = YES;
				CLANG_WARN_ENUM_CONVERSION = YES;
				CLANG_WARN_INFINITE_RECURSION = YES;
				CLANG_WARN_INT_CONVERSION = YES;
				CLANG_WARN_NON_LITERAL_NULL_CONVERSION = YES;
				CLANG_WARN_OBJC_IMPLICIT_RETAIN_SELF = YES;
				CLANG_WARN_OBJC_LITERAL_CONVERSION = YES;
				CLANG_WARN_OBJC_ROOT_CLASS = YES_ERROR;
				CLANG_WARN_QUOTED_INCLUDE_IN_FRAMEWORK_HEADER = YES;
				CLANG_WARN_RANGE_LOOP_ANALYSIS = YES;
				CLANG_WARN_STRICT_PROTOTYPES = YES;
				CLANG_WARN_SUSPICIOUS_MOVE = YES;
				CLANG_WARN_UNGUARDED_AVAILABILITY = YES_AGGRESSIVE;
				CLANG_WARN_UNREACHABLE_CODE = YES;
				CLANG_WARN__DUPLICATE_METHOD_MATCH = YES;
				COPY_PHASE_STRIP = NO;
				DEBUG_INFORMATION_FORMAT = "dwarf-with-dsym";
				ENABLE_NS_ASSERTIONS = NO;
				ENABLE_STRICT_OBJC_MSGSEND = YES;
				GCC_C_LANGUAGE_STANDARD = gnu11;
				GCC_NO_COMMON_BLOCKS = YES;
				GCC_WARN_64_TO_32_BIT_CONVERSION = YES;
				GCC_WARN_ABOUT_RETURN_TYPE = YES_ERROR;
				GCC_WARN_UNDECLARED_SELECTOR = YES;
				GCC_WARN_UNINITIALIZED_AUTOS = YES_AGGRESSIVE;
				GCC_WARN_UNUSED_FUNCTION = YES;
				GCC_WARN_UNUSED_VARIABLE = YES;
				IPHONEOS_DEPLOYMENT_TARGET = 14.5;
				MTL_ENABLE_DEBUG_INFO = NO;
				MTL_FAST_MATH = YES;
				SDKROOT = iphoneos;
				SWIFT_COMPILATION_MODE = wholemodule;
				SWIFT_OPTIMIZATION_LEVEL = "-O";
				VALIDATE_PRODUCT = YES;
			};
			name = Release;
		};
		3CABCF6326A6038300D43C4C /* Debug */ = {
			isa = XCBuildConfiguration;
			buildSettings = {
				ASSETCATALOG_COMPILER_APPICON_NAME = AppIcon;
				ASSETCATALOG_COMPILER_GLOBAL_ACCENT_COLOR_NAME = AccentColor;
				CODE_SIGN_STYLE = Automatic;
				INFOPLIST_FILE = ToDoListApp/Info.plist;
				LD_RUNPATH_SEARCH_PATHS = (
					"$(inherited)",
					"@executable_path/Frameworks",
				);
				PRODUCT_BUNDLE_IDENTIFIER = "kwk-2021.ToDoListApp";
				PRODUCT_NAME = "$(TARGET_NAME)";
				SWIFT_VERSION = 5.0;
				TARGETED_DEVICE_FAMILY = "1,2";
			};
			name = Debug;
		};
		3CABCF6426A6038300D43C4C /* Release */ = {
			isa = XCBuildConfiguration;
			buildSettings = {
				ASSETCATALOG_COMPILER_APPICON_NAME = AppIcon;
				ASSETCATALOG_COMPILER_GLOBAL_ACCENT_COLOR_NAME = AccentColor;
				CODE_SIGN_STYLE = Automatic;
				INFOPLIST_FILE = ToDoListApp/Info.plist;
				LD_RUNPATH_SEARCH_PATHS = (
					"$(inherited)",
					"@executable_path/Frameworks",
				);
				PRODUCT_BUNDLE_IDENTIFIER = "kwk-2021.ToDoListApp";
				PRODUCT_NAME = "$(TARGET_NAME)";
				SWIFT_VERSION = 5.0;
				TARGETED_DEVICE_FAMILY = "1,2";
			};
			name = Release;
		};
		3CABCF6626A6038300D43C4C /* Debug */ = {
			isa = XCBuildConfiguration;
			buildSettings = {
				ALWAYS_EMBED_SWIFT_STANDARD_LIBRARIES = YES;
				BUNDLE_LOADER = "$(TEST_HOST)";
				CODE_SIGN_STYLE = Automatic;
				INFOPLIST_FILE = ToDoListAppTests/Info.plist;
				IPHONEOS_DEPLOYMENT_TARGET = 14.5;
				LD_RUNPATH_SEARCH_PATHS = (
					"$(inherited)",
					"@executable_path/Frameworks",
					"@loader_path/Frameworks",
				);
				PRODUCT_BUNDLE_IDENTIFIER = "kwk-2021.ToDoListAppTests";
				PRODUCT_NAME = "$(TARGET_NAME)";
				SWIFT_VERSION = 5.0;
				TARGETED_DEVICE_FAMILY = "1,2";
				TEST_HOST = "$(BUILT_PRODUCTS_DIR)/ToDoListApp.app/ToDoListApp";
			};
			name = Debug;
		};
		3CABCF6726A6038300D43C4C /* Release */ = {
			isa = XCBuildConfiguration;
			buildSettings = {
				ALWAYS_EMBED_SWIFT_STANDARD_LIBRARIES = YES;
				BUNDLE_LOADER = "$(TEST_HOST)";
				CODE_SIGN_STYLE = Automatic;
				INFOPLIST_FILE = ToDoListAppTests/Info.plist;
				IPHONEOS_DEPLOYMENT_TARGET = 14.5;
				LD_RUNPATH_SEARCH_PATHS = (
					"$(inherited)",
					"@executable_path/Frameworks",
					"@loader_path/Frameworks",
				);
				PRODUCT_BUNDLE_IDENTIFIER = "kwk-2021.ToDoListAppTests";
				PRODUCT_NAME = "$(TARGET_NAME)";
				SWIFT_VERSION = 5.0;
				TARGETED_DEVICE_FAMILY = "1,2";
				TEST_HOST = "$(BUILT_PRODUCTS_DIR)/ToDoListApp.app/ToDoListApp";
			};
			name = Release;
		};
		3CABCF6926A6038300D43C4C /* Debug */ = {
			isa = XCBuildConfiguration;
			buildSettings = {
				ALWAYS_EMBED_SWIFT_STANDARD_LIBRARIES = YES;
				CODE_SIGN_STYLE = Automatic;
				INFOPLIST_FILE = ToDoListAppUITests/Info.plist;
				LD_RUNPATH_SEARCH_PATHS = (
					"$(inherited)",
					"@executable_path/Frameworks",
					"@loader_path/Frameworks",
				);
				PRODUCT_BUNDLE_IDENTIFIER = "kwk-2021.ToDoListAppUITests";
				PRODUCT_NAME = "$(TARGET_NAME)";
				SWIFT_VERSION = 5.0;
				TARGETED_DEVICE_FAMILY = "1,2";
				TEST_TARGET_NAME = ToDoListApp;
			};
			name = Debug;
		};
		3CABCF6A26A6038300D43C4C /* Release */ = {
			isa = XCBuildConfiguration;
			buildSettings = {
				ALWAYS_EMBED_SWIFT_STANDARD_LIBRARIES = YES;
				CODE_SIGN_STYLE = Automatic;
				INFOPLIST_FILE = ToDoListAppUITests/Info.plist;
				LD_RUNPATH_SEARCH_PATHS = (
					"$(inherited)",
					"@executable_path/Frameworks",
					"@loader_path/Frameworks",
				);
				PRODUCT_BUNDLE_IDENTIFIER = "kwk-2021.ToDoListAppUITests";
				PRODUCT_NAME = "$(TARGET_NAME)";
				SWIFT_VERSION = 5.0;
				TARGETED_DEVICE_FAMILY = "1,2";
				TEST_TARGET_NAME = ToDoListApp;
			};
			name = Release;
		};
/* End XCBuildConfiguration section */

/* Begin XCConfigurationList section */
		3CABCF3026A6037F00D43C4C /* Build configuration list for PBXProject "ToDoListApp" */ = {
			isa = XCConfigurationList;
			buildConfigurations = (
				3CABCF6026A6038300D43C4C /* Debug */,
				3CABCF6126A6038300D43C4C /* Release */,
			);
			defaultConfigurationIsVisible = 0;
			defaultConfigurationName = Release;
		};
		3CABCF6226A6038300D43C4C /* Build configuration list for PBXNativeTarget "ToDoListApp" */ = {
			isa = XCConfigurationList;
			buildConfigurations = (
				3CABCF6326A6038300D43C4C /* Debug */,
				3CABCF6426A6038300D43C4C /* Release */,
			);
			defaultConfigurationIsVisible = 0;
			defaultConfigurationName = Release;
		};
		3CABCF6526A6038300D43C4C /* Build configuration list for PBXNativeTarget "ToDoListAppTests" */ = {
			isa = XCConfigurationList;
			buildConfigurations = (
				3CABCF6626A6038300D43C4C /* Debug */,
				3CABCF6726A6038300D43C4C /* Release */,
			);
			defaultConfigurationIsVisible = 0;
			defaultConfigurationName = Release;
		};
		3CABCF6826A6038300D43C4C /* Build configuration list for PBXNativeTarget "ToDoListAppUITests" */ = {
			isa = XCConfigurationList;
			buildConfigurations = (
				3CABCF6926A6038300D43C4C /* Debug */,
				3CABCF6A26A6038300D43C4C /* Release */,
			);
			defaultConfigurationIsVisible = 0;
			defaultConfigurationName = Release;
		};
/* End XCConfigurationList section */

/* Begin XCVersionGroup section */
		3CABCF4126A6037F00D43C4C /* ToDoListApp.xcdatamodeld */ = {
			isa = XCVersionGroup;
			children = (
				3CABCF4226A6037F00D43C4C /* ToDoListApp.xcdatamodel */,
			);
			currentVersion = 3CABCF4226A6037F00D43C4C /* ToDoListApp.xcdatamodel */;
			path = ToDoListApp.xcdatamodeld;
			sourceTree = "<group>";
			versionGroupType = wrapper.xcdatamodel;
		};
/* End XCVersionGroup section */
	};
	rootObject = 3CABCF2D26A6037F00D43C4C /* Project object */;
}
